# This file is autogenerated, do not edit; changes may be undone by the next 'dep ensure'.


[[projects]]
  name = "github.com/BurntSushi/toml"
  packages = ["."]
  revision = "3012a1dbe2e4bd1391d42b32f0577cb7bbc7f005"
  version = "v0.3.1"

[[projects]]
  name = "github.com/ajg/form"
  packages = ["."]
  revision = "cc2954064ec9ea8d93917f0f87456e11d7b881ad"
  version = "v1.5"

[[projects]]
  name = "github.com/google/jsonapi"
  packages = ["."]
  revision = "46d3ced0434461be12e555852e2f1a9ed382e139"
  version = "1.0.0"

[[projects]]
  name = "github.com/hashicorp/go-cleanhttp"
  packages = ["."]
  revision = "e8ab9daed8d1ddd2d3c4efba338fe2eeae2e4f18"
  version = "v0.5.0"

[[projects]]
  name = "github.com/mitchellh/mapstructure"
  packages = ["."]
  revision = "fe40af7a9c397fa3ddba203c38a5042c5d0475ad"
  version = "v1.1.1"

[[projects]]
  branch = "master"
  name = "github.com/sethvargo/go-fastly"
  packages = ["fastly"]
  revision = "16e557cdd5fed48d0fd4f68b6360c900f9e2407a"

[[projects]]
  branch = "master"
  name = "golang.org/x/net"
  packages = [
    "idna",
    "publicsuffix"
  ]
  revision = "4dfa2610cdf3b287375bbba5b8f2a14d3b01d8de"

[[projects]]
  name = "golang.org/x/text"
  packages = [
    "collate",
    "collate/build",
    "internal/colltab",
    "internal/gen",
    "internal/tag",
    "internal/triegen",
    "internal/ucd",
    "language",
    "secure/bidirule",
    "transform",
    "unicode/bidi",
    "unicode/cldr",
    "unicode/norm",
    "unicode/rangetable"
  ]
  revision = "f21a4dfb5e38f5895301dc265a8def02365cc3d0"
  version = "v0.3.0"

[[projects]]
  name = "gopkg.in/resty.v1"
  packages = ["."]
  revision = "d4920dcf5b7689548a6db640278a9b35a5b48ec6"
  version = "v1.9.1"

[solve-meta]
  analyzer-name = "dep"
  analyzer-version = 1
  inputs-digest = "46b32896f575ac86537b68356be36145b9a71a02270ddfa1bc6649bf2f34a137"
  solver-name = "gps-cdcl"
  solver-version = 1
